
Microsoft Visual Studio Solution File, Format Version 12.00
# Visual Studio Version 17
VisualStudioVersion = 17.4.33213.308
MinimumVisualStudioVersion = 10.0.40219.1
Project("{9A19103F-16F7-4668-BE54-9A1E7A4F7556}") = "OregonXDayZ", "OregonXDayZ.csproj", "{5623C693-78B5-401F-82D6-E9B10E0E5705}"
EndProject
Global
	GlobalSection(SolutionConfigurationPlatforms) = preSolution
		Debug|Any CPU = Debug|Any CPU
		Release|Any CPU = Release|Any CPU
	EndGlobalSection
	GlobalSection(ProjectConfigurationPlatforms) = postSolution
		{5623C693-78B5-401F-82D6-E9B10E0E5705}.Debug|Any CPU.ActiveCfg = Debug|Any CPU
		{5623C693-78B5-401F-82D6-E9B10E0E5705}.Debug|Any CPU.Build.0 = Debug|Any CPU
		{5623C693-78B5-401F-82D6-E9B10E0E5705}.Release|Any CPU.ActiveCfg = Release|Any CPU
		{5623C693-78B5-401F-82D6-E9B10E0E5705}.Release|Any CPU.Build.0 = Release|Any CPU
	EndGlobalSection
	GlobalSection(SolutionProperties) = preSolution
		HideSolutionNode = FALSE
	EndGlobalSection
	GlobalSection(ExtensibilityGlobals) = postSolution
		SolutionGuid = {35B2FE6C-E08C-4E46-8253-5247BED62B22}
	EndGlobalSection
EndGlobal
